// !$*UTF8*$!
{
	archiveVersion = 1;
	classes = {
	};
	objectVersion = 48;
	objects = {

/* Begin PBXBuildFile section */
		376AD2911F8F05730060A2AF /* AppDelegate.swift in Sources */ = {isa = PBXBuildFile; fileRef = 376AD2901F8F05730060A2AF /* AppDelegate.swift */; };
		376AD2961F8F05730060A2AF /* Main.storyboard in Resources */ = {isa = PBXBuildFile; fileRef = 376AD2941F8F05730060A2AF /* Main.storyboard */; };
		376AD2981F8F05730060A2AF /* Assets.xcassets in Resources */ = {isa = PBXBuildFile; fileRef = 376AD2971F8F05730060A2AF /* Assets.xcassets */; };
		376AD29B1F8F05730060A2AF /* LaunchScreen.storyboard in Resources */ = {isa = PBXBuildFile; fileRef = 376AD2991F8F05730060A2AF /* LaunchScreen.storyboard */; };
		376AD2A31F8F05AE0060A2AF /* CardsViewController.swift in Sources */ = {isa = PBXBuildFile; fileRef = 376AD2A21F8F05AE0060A2AF /* CardsViewController.swift */; };
		376AD2A81F8F0CE20060A2AF /* DraggableImageView.xib in Resources */ = {isa = PBXBuildFile; fileRef = 376AD2A71F8F0CE20060A2AF /* DraggableImageView.xib */; };
		376AD2AA1F8F0D0A0060A2AF /* DraggableImageView.swift in Sources */ = {isa = PBXBuildFile; fileRef = 376AD2A91F8F0D0A0060A2AF /* DraggableImageView.swift */; };
/* End PBXBuildFile section */

/* Begin PBXFileReference section */
		376AD28D1F8F05730060A2AF /* tinder.app */ = {isa = PBXFileReference; explicitFileType = wrapper.application; includeInIndex = 0; path = tinder.app; sourceTree = BUILT_PRODUCTS_DIR; };
		376AD2901F8F05730060A2AF /* AppDelegate.swift */ = {isa = PBXFileReference; lastKnownFileType = sourcecode.swift; path = AppDelegate.swift; sourceTree = "<group>"; };
		376AD2951F8F05730060A2AF /* Base */ = {isa = PBXFileReference; lastKnownFileType = file.storyboard; name = Base; path = Base.lproj/Main.storyboard; sourceTree = "<group>"; };
		376AD2971F8F05730060A2AF /* Assets.xcassets */ = {isa = PBXFileReference; lastKnownFileType = folder.assetcatalog; path = Assets.xcassets; sourceTree = "<group>"; };
		376AD29A1F8F05730060A2AF /* Base */ = {isa = PBXFileReference; lastKnownFileType = file.storyboard; name = Base; path = Base.lproj/LaunchScreen.storyboard; sourceTree = "<group>"; };
		376AD29C1F8F05730060A2AF /* Info.plist */ = {isa = PBXFileReference; lastKnownFileType = text.plist.xml; path = Info.plist; sourceTree = "<group>"; };
		376AD2A21F8F05AE0060A2AF /* CardsViewController.swift */ = {isa = PBXFileReference; lastKnownFileType = sourcecode.swift; path = CardsViewController.swift; sourceTree = "<group>"; };
		376AD2A71F8F0CE20060A2AF /* DraggableImageView.xib */ = {isa = PBXFileReference; lastKnownFileType = file.xib; path = DraggableImageView.xib; sourceTree = "<group>"; };
		376AD2A91F8F0D0A0060A2AF /* DraggableImageView.swift */ = {isa = PBXFileReference; lastKnownFileType = sourcecode.swift; path = DraggableImageView.swift; sourceTree = "<group>"; };
/* End PBXFileReference section */

/* Begin PBXFrameworksBuildPhase section */
		376AD28A1F8F05730060A2AF /* Frameworks */ = {
			isa = PBXFrameworksBuildPhase;
			buildActionMask = 2147483647;
			files = (
			);
			runOnlyForDeploymentPostprocessing = 0;
		};
/* End PBXFrameworksBuildPhase section */

/* Begin PBXGroup section */
		376AD2841F8F05730060A2AF = {
			isa = PBXGroup;
			children = (
				376AD28F1F8F05730060A2AF /* tinder */,
				376AD28E1F8F05730060A2AF /* Products */,
			);
			sourceTree = "<group>";
		};
		376AD28E1F8F05730060A2AF /* Products */ = {
			isa = PBXGroup;
			children = (
				376AD28D1F8F05730060A2AF /* tinder.app */,
			);
			name = Products;
			sourceTree = "<group>";
		};
		376AD28F1F8F05730060A2AF /* tinder */ = {
			isa = PBXGroup;
			children = (
				376AD2A41F8F05B40060A2AF /* View Controllers */,
				376AD2901F8F05730060A2AF /* AppDelegate.swift */,
				376AD2941F8F05730060A2AF /* Main.storyboard */,
				376AD2971F8F05730060A2AF /* Assets.xcassets */,
				376AD2991F8F05730060A2AF /* LaunchScreen.storyboard */,
				376AD29C1F8F05730060A2AF /* Info.plist */,
				376AD2A71F8F0CE20060A2AF /* DraggableImageView.xib */,
				376AD2A91F8F0D0A0060A2AF /* DraggableImageView.swift */,
			);
			path = tinder;
			sourceTree = "<group>";
		};
		376AD2A41F8F05B40060A2AF /* View Controllers */ = {
			isa = PBXGroup;
			children = (
				376AD2A21F8F05AE0060A2AF /* CardsViewController.swift */,
			);
			path = "View Controllers";
			sourceTree = "<group>";
		};
/* End PBXGroup section */

/* Begin PBXNativeTarget section */
		376AD28C1F8F05730060A2AF /* tinder */ = {
			isa = PBXNativeTarget;
			buildConfigurationList = 376AD29F1F8F05730060A2AF /* Build configuration list for PBXNativeTarget "tinder" */;
			buildPhases = (
				376AD2891F8F05730060A2AF /* Sources */,
				376AD28A1F8F05730060A2AF /* Frameworks */,
				376AD28B1F8F05730060A2AF /* Resources */,
			);
			buildRules = (
			);
			dependencies = (
			);
			name = tinder;
			productName = tinder;
			productReference = 376AD28D1F8F05730060A2AF /* tinder.app */;
			productType = "com.apple.product-type.application";
		};
/* End PBXNativeTarget section */

/* Begin PBXProject section */
		376AD2851F8F05730060A2AF /* Project object */ = {
			isa = PBXProject;
			attributes = {
				LastSwiftUpdateCheck = 0900;
				LastUpgradeCheck = 0900;
				ORGANIZATIONNAME = "Paul Sokolik";
				TargetAttributes = {
					376AD28C1F8F05730060A2AF = {
						CreatedOnToolsVersion = 9.0;
						ProvisioningStyle = Automatic;
					};
				};
			};
			buildConfigurationList = 376AD2881F8F05730060A2AF /* Build configuration list for PBXProject "tinder" */;
			compatibilityVersion = "Xcode 8.0";
			developmentRegion = en;
			hasScannedForEncodings = 0;
			knownRegions = (
				en,
				Base,
			);
			mainGroup = 376AD2841F8F05730060A2AF;
			productRefGroup = 376AD28E1F8F05730060A2AF /* Products */;
			projectDirPath = "";
			projectRoot = "";
			targets = (
				376AD28C1F8F05730060A2AF /* tinder */,
			);
		};
/* End PBXProject section */

/* Begin PBXResourcesBuildPhase section */
		376AD28B1F8F05730060A2AF /* Resources */ = {
			isa = PBXResourcesBuildPhase;
			buildActionMask = 2147483647;
			files = (
				376AD29B1F8F05730060A2AF /* LaunchScreen.storyboard in Resources */,
				376AD2981F8F05730060A2AF /* Assets.xcassets in Resources */,
				376AD2A81F8F0CE20060A2AF /* DraggableImageView.xib in Resources */,
				376AD2961F8F05730060A2AF /* Main.storyboard in Resources */,
			);
			runOnlyForDeploymentPostprocessing = 0;
		};
/* End PBXResourcesBuildPhase section */

/* Begin PBXSourcesBuildPhase section */
		376AD2891F8F05730060A2AF /* Sources */ = {
			isa = PBXSourcesBuildPhase;
			buildActionMask = 2147483647;
			files = (
				376AD2A31F8F05AE0060A2AF /* CardsViewController.swift in Sources */,
				376AD2AA1F8F0D0A0060A2AF /* DraggableImageView.swift in Sources */,
				376AD2911F8F05730060A2AF /* AppDelegate.swift in Sources */,
			);
			runOnlyForDeploymentPostprocessing = 0;
		};
/* End PBXSourcesBuildPhase section */

/* Begin PBXVariantGroup section */
		376AD2941F8F05730060A2AF /* Main.storyboard */ = {
			isa = PBXVariantGroup;
			children = (
				376AD2951F8F05730060A2AF /* Base */,
			);
			name = Main.storyboard;
			sourceTree = "<group>";
		};
		376AD2991F8F05730060A2AF /* LaunchScreen.storyboard */ = {
			isa = PBXVariantGroup;
			children = (
				376AD29A1F8F05730060A2AF /* Base */,
			);
			name = LaunchScreen.storyboard;
			sourceTree = "<group>";
		};
/* End PBXVariantGroup section */

/* Begin XCBuildConfiguration section */
		376AD29D1F8F05730060A2AF /* Debug */ = {
			isa = XCBuildConfiguration;
			buildSettings = {
				ALWAYS_SEARCH_USER_PATHS = NO;
				CLANG_ANALYZER_NONNULL = YES;
				CLANG_ANALYZER_NUMBER_OBJECT_CONVERSION = YES_AGGRESSIVE;
				CLANG_CXX_LANGUAGE_STANDARD = "gnu++14";
				CLANG_CXX_LIBRARY = "libc++";
				CLANG_ENABLE_MODULES = YES;
				CLANG_ENABLE_OBJC_ARC = YES;
				CLANG_WARN_BLOCK_CAPTURE_AUTORELEASING = YES;
				CLANG_WARN_BOOL_CONVERSION = YES;
				CLANG_WARN_COMMA = YES;
				CLANG_WARN_CONSTANT_CONVERSION = YES;
				CLANG_WARN_DIRECT_OBJC_ISA_USAGE = YES_ERROR;
				CLANG_WARN_DOCUMENTATION_COMMENTS = YES;
				CLANG_WARN_EMPTY_BODY = YES;
				CLANG_WARN_ENUM_CONVERSION = YES;
				CLANG_WARN_INFINITE_RECURSION = YES;
				CLANG_WARN_INT_CONVERSION = YES;
				CLANG_WARN_NON_LITERAL_NULL_CONVERSION = YES;
				CLANG_WARN_OBJC_LITERAL_CONVERSION = YES;
				CLANG_WARN_OBJC_ROOT_CLASS = YES_ERROR;
				CLANG_WARN_RANGE_LOOP_ANALYSIS = YES;
				CLANG_WARN_STRICT_PROTOTYPES = YES;
				CLANG_WARN_SUSPICIOUS_MOVE = YES;
				CLANG_WARN_UNGUARDED_AVAILABILITY = YES_AGGRESSIVE;
				CLANG_WARN_UNREACHABLE_CODE = YES;
				CLANG_WARN__DUPLICATE_METHOD_MATCH = YES;
				CODE_SIGN_IDENTITY = "iPhone Developer";
				COPY_PHASE_STRIP = NO;
				DEBUG_INFORMATION_FORMAT = dwarf;
				ENABLE_STRICT_OBJC_MSGSEND = YES;
				ENABLE_TESTABILITY = YES;
				GCC_C_LANGUAGE_STANDARD = gnu11;
				GCC_DYNAMIC_NO_PIC = NO;
				GCC_NO_COMMON_BLOCKS = YES;
				GCC_OPTIMIZATION_LEVEL = 0;
				GCC_PREPROCESSOR_DEFINITIONS = (
					"DEBUG=1",
					"$(inherited)",
				);
				GCC_WARN_64_TO_32_BIT_CONVERSION = YES;
				GCC_WARN_ABOUT_RETURN_TYPE = YES_ERROR;
				GCC_WARN_UNDECLARED_SELECTOR = YES;
				GCC_WARN_UNINITIALIZED_AUTOS = YES_AGGRESSIVE;
				GCC_WARN_UNUSED_FUNCTION = YES;
				GCC_WARN_UNUSED_VARIABLE = YES;
				IPHONEOS_DEPLOYMENT_TARGET = 11.0;
				MTL_ENABLE_DEBUG_INFO = YES;
				ONLY_ACTIVE_ARCH = YES;
				SDKROOT = iphoneos;
				SWIFT_ACTIVE_COMPILATION_CONDITIONS = DEBUG;
				SWIFT_OPTIMIZATION_LEVEL = "-Onone";
			};
			name = Debug;
		};
		376AD29E1F8F05730060A2AF /* Release */ = {
			isa = XCBuildConfiguration;
			buildSettings = {
				ALWAYS_SEARCH_USER_PATHS = NO;
				CLANG_ANALYZER_NONNULL = YES;
				CLANG_ANALYZER_NUMBER_OBJECT_CONVERSION = YES_AGGRESSIVE;
				CLANG_CXX_LANGUAGE_STANDARD = "gnu++14";
				CLANG_CXX_LIBRARY = "libc++";
				CLANG_ENABLE_MODULES = YES;
				CLANG_ENABLE_OBJC_ARC = YES;
				CLANG_WARN_BLOCK_CAPTURE_AUTORELEASING = YES;
				CLANG_WARN_BOOL_CONVERSION = YES;
				CLANG_WARN_COMMA = YES;
				CLANG_WARN_CONSTANT_CONVERSION = YES;
				CLANG_WARN_DIRECT_OBJC_ISA_USAGE = YES_ERROR;
				CLANG_WARN_DOCUMENTATION_COMMENTS = YES;
				CLANG_WARN_EMPTY_BODY = YES;
				CLANG_WARN_ENUM_CONVERSION = YES;
				CLANG_WARN_INFINITE_RECURSION = YES;
				CLANG_WARN_INT_CONVERSION = YES;
				CLANG_WARN_NON_LITERAL_NULL_CONVERSION = YES;
				CLANG_WARN_OBJC_LITERAL_CONVERSION = YES;
				CLANG_WARN_OBJC_ROOT_CLASS = YES_ERROR;
				CLANG_WARN_RANGE_LOOP_ANALYSIS = YES;
				CLANG_WARN_STRICT_PROTOTYPES = YES;
				CLANG_WARN_SUSPICIOUS_MOVE = YES;
				CLANG_WARN_UNGUARDED_AVAILABILITY = YES_AGGRESSIVE;
				CLANG_WARN_UNREACHABLE_CODE = YES;
				CLANG_WARN__DUPLICATE_METHOD_MATCH = YES;
				CODE_SIGN_IDENTITY = "iPhone Developer";
				COPY_PHASE_STRIP = NO;
				DEBUG_INFORMATION_FORMAT = "dwarf-with-dsym";
				ENABLE_NS_ASSERTIONS = NO;
				ENABLE_STRICT_OBJC_MSGSEND = YES;
				GCC_C_LANGUAGE_STANDARD = gnu11;
				GCC_NO_COMMON_BLOCKS = YES;
				GCC_WARN_64_TO_32_BIT_CONVERSION = YES;
				GCC_WARN_ABOUT_RETURN_TYPE = YES_ERROR;
				GCC_WARN_UNDECLARED_SELECTOR = YES;
				GCC_WARN_UNINITIALIZED_AUTOS = YES_AGGRESSIVE;
				GCC_WARN_UNUSED_FUNCTION = YES;
				GCC_WARN_UNUSED_VARIABLE = YES;
				IPHONEOS_DEPLOYMENT_TARGET = 11.0;
				MTL_ENABLE_DEBUG_INFO = NO;
				SDKROOT = iphoneos;
				SWIFT_OPTIMIZATION_LEVEL = "-Owholemodule";
				VALIDATE_PRODUCT = YES;
			};
			name = Release;
		};
		376AD2A01F8F05730060A2AF /* Debug */ = {
			isa = XCBuildConfiguration;
			buildSettings = {
				ASSETCATALOG_COMPILER_APPICON_NAME = AppIcon;
				CODE_SIGN_STYLE = Automatic;
				INFOPLIST_FILE = tinder/Info.plist;
				LD_RUNPATH_SEARCH_PATHS = "$(inherited) @executable_path/Frameworks";
				PRODUCT_BUNDLE_IDENTIFIER = "Paul-Sokolik.tinder";
				PRODUCT_NAME = "$(TARGET_NAME)";
				SWIFT_VERSION = 4.0;
				TARGETED_DEVICE_FAMILY = "1,2";
			};
			name = Debug;
		};
		376AD2A11F8F05730060A2AF /* Release */ = {
			isa = XCBuildConfiguration;
			buildSettings = {
				ASSETCATALOG_COMPILER_APPICON_NAME = AppIcon;
				CODE_SIGN_STYLE = Automatic;
				INFOPLIST_FILE = tinder/Info.plist;
				LD_RUNPATH_SEARCH_PATHS = "$(inherited) @executable_path/Frameworks";
				PRODUCT_BUNDLE_IDENTIFIER = "Paul-Sokolik.tinder";
				PRODUCT_NAME = "$(TARGET_NAME)";
				SWIFT_VERSION = 4.0;
				TARGETED_DEVICE_FAMILY = "1,2";
			};
			name = Release;
		};
/* End XCBuildConfiguration section */

/* Begin XCConfigurationList section */
		376AD2881F8F05730060A2AF /* Build configuration list for PBXProject "tinder" */ = {
			isa = XCConfigurationList;
			buildConfigurations = (
				376AD29D1F8F05730060A2AF /* Debug */,
				376AD29E1F8F05730060A2AF /* Release */,
			);
			defaultConfigurationIsVisible = 0;
			defaultConfigurationName = Release;
		};
		376AD29F1F8F05730060A2AF /* Build configuration list for PBXNativeTarget "tinder" */ = {
			isa = XCConfigurationList;
			buildConfigurations = (
				376AD2A01F8F05730060A2AF /* Debug */,
				376AD2A11F8F05730060A2AF /* Release */,
			);
			defaultConfigurationIsVisible = 0;
			defaultConfigurationName = Release;
		};
/* End XCConfigurationList section */
	};
	rootObject = 376AD2851F8F05730060A2AF /* Project object */;
}
